
Microsoft Visual Studio Solution File, Format Version 12.00
# Visual Studio Version 17
VisualStudioVersion = 17.4.33103.184
MinimumVisualStudioVersion = 10.0.40219.1
Project("{FAE04EC0-301F-11D3-BF4B-00C04F79EFBC}") = "VeraMente_Sportiva", "VeraMente_Sportiva\VeraMente_Sportiva.csproj", "{A6AAAF58-3828-4510-981C-A6E120BDB642}"
EndProject
Global
	GlobalSection(SolutionConfigurationPlatforms) = preSolution
		Debug|Any CPU = Debug|Any CPU
		Release|Any CPU = Release|Any CPU
	EndGlobalSection
	GlobalSection(ProjectConfigurationPlatforms) = postSolution
		{A6AAAF58-3828-4510-981C-A6E120BDB642}.Debug|Any CPU.ActiveCfg = Debug|Any CPU
		{A6AAAF58-3828-4510-981C-A6E120BDB642}.Debug|Any CPU.Build.0 = Debug|Any CPU
		{A6AAAF58-3828-4510-981C-A6E120BDB642}.Release|Any CPU.ActiveCfg = Release|Any CPU
		{A6AAAF58-3828-4510-981C-A6E120BDB642}.Release|Any CPU.Build.0 = Release|Any CPU
	EndGlobalSection
	GlobalSection(SolutionProperties) = preSolution
		HideSolutionNode = FALSE
	EndGlobalSection
	GlobalSection(ExtensibilityGlobals) = postSolution
		SolutionGuid = {06064219-D24B-4F76-BB4B-604458571CC5}
	EndGlobalSection
EndGlobal
